
Microsoft Visual Studio Solution File, Format Version 12.00
# Visual Studio Version 17
VisualStudioVersion = 17.1.32407.343
MinimumVisualStudioVersion = 10.0.40219.1
Project("{FAE04EC0-301F-11D3-BF4B-00C04F79EFBC}") = "Lab3(2)", "Lab3(2)\Lab3(2).csproj", "{D96E4236-465A-457E-8687-5BB98D3FE669}"
EndProject
Global
	GlobalSection(SolutionConfigurationPlatforms) = preSolution
		Debug|Any CPU = Debug|Any CPU
		Release|Any CPU = Release|Any CPU
	EndGlobalSection
	GlobalSection(ProjectConfigurationPlatforms) = postSolution
		{D96E4236-465A-457E-8687-5BB98D3FE669}.Debug|Any CPU.ActiveCfg = Debug|Any CPU
		{D96E4236-465A-457E-8687-5BB98D3FE669}.Debug|Any CPU.Build.0 = Debug|Any CPU
		{D96E4236-465A-457E-8687-5BB98D3FE669}.Release|Any CPU.ActiveCfg = Release|Any CPU
		{D96E4236-465A-457E-8687-5BB98D3FE669}.Release|Any CPU.Build.0 = Release|Any CPU
	EndGlobalSection
	GlobalSection(SolutionProperties) = preSolution
		HideSolutionNode = FALSE
	EndGlobalSection
	GlobalSection(ExtensibilityGlobals) = postSolution
		SolutionGuid = {264093C6-E55C-43F8-B3B9-D2E7CCC07F79}
	EndGlobalSection
EndGlobal
